
Microsoft Visual Studio Solution File, Format Version 12.00
# Visual Studio Version 17
VisualStudioVersion = 17.0.31919.166
MinimumVisualStudioVersion = 10.0.40219.1
Project("{FAE04EC0-301F-11D3-BF4B-00C04F79EFBC}") = "SOP.API", "SOP.API\SOP.API.csproj", "{260455EA-C138-4261-B66E-8C2A81A6B2F9}"
EndProject
Project("{FAE04EC0-301F-11D3-BF4B-00C04F79EFBC}") = "SOP.ComService", "SOP.ComService\SOP.ComService.csproj", "{A4047665-14C8-4A7F-9D78-1628CE2B44E8}"
EndProject
Project("{FAE04EC0-301F-11D3-BF4B-00C04F79EFBC}") = "SOP.Shared", "SOP.Shared\SOP.Shared.csproj", "{864B4F75-317D-4C6A-B5BF-267B4DFC61C8}"
EndProject
Global
	GlobalSection(SolutionConfigurationPlatforms) = preSolution
		Debug|Any CPU = Debug|Any CPU
		Release|Any CPU = Release|Any CPU
	EndGlobalSection
	GlobalSection(ProjectConfigurationPlatforms) = postSolution
		{260455EA-C138-4261-B66E-8C2A81A6B2F9}.Debug|Any CPU.ActiveCfg = Debug|Any CPU
		{260455EA-C138-4261-B66E-8C2A81A6B2F9}.Debug|Any CPU.Build.0 = Debug|Any CPU
		{260455EA-C138-4261-B66E-8C2A81A6B2F9}.Release|Any CPU.ActiveCfg = Release|Any CPU
		{260455EA-C138-4261-B66E-8C2A81A6B2F9}.Release|Any CPU.Build.0 = Release|Any CPU
		{A4047665-14C8-4A7F-9D78-1628CE2B44E8}.Debug|Any CPU.ActiveCfg = Debug|Any CPU
		{A4047665-14C8-4A7F-9D78-1628CE2B44E8}.Debug|Any CPU.Build.0 = Debug|Any CPU
		{A4047665-14C8-4A7F-9D78-1628CE2B44E8}.Release|Any CPU.ActiveCfg = Release|Any CPU
		{A4047665-14C8-4A7F-9D78-1628CE2B44E8}.Release|Any CPU.Build.0 = Release|Any CPU
		{864B4F75-317D-4C6A-B5BF-267B4DFC61C8}.Debug|Any CPU.ActiveCfg = Debug|Any CPU
		{864B4F75-317D-4C6A-B5BF-267B4DFC61C8}.Debug|Any CPU.Build.0 = Debug|Any CPU
		{864B4F75-317D-4C6A-B5BF-267B4DFC61C8}.Release|Any CPU.ActiveCfg = Release|Any CPU
		{864B4F75-317D-4C6A-B5BF-267B4DFC61C8}.Release|Any CPU.Build.0 = Release|Any CPU
	EndGlobalSection
	GlobalSection(SolutionProperties) = preSolution
		HideSolutionNode = FALSE
	EndGlobalSection
	GlobalSection(ExtensibilityGlobals) = postSolution
		SolutionGuid = {F6382974-3C84-4A4F-8D15-F252E4382AA8}
	EndGlobalSection
EndGlobal
